
Microsoft Visual Studio Solution File, Format Version 12.00
# Visual Studio for Mac
Project("{FAE04EC0-301F-11D3-BF4B-00C04F79EFBC}") = "VuforiaScripts", "VuforiaScripts.csproj", "{6390D2CE-17C9-B32B-460B-AA5367392C99}"
EndProject
Project("{FAE04EC0-301F-11D3-BF4B-00C04F79EFBC}") = "Assembly-CSharp", "Assembly-CSharp.csproj", "{7F14F928-B57E-3831-69CB-C42F3DB30C46}"
EndProject
Project("{FAE04EC0-301F-11D3-BF4B-00C04F79EFBC}") = "VuforiaEditorScripts", "VuforiaEditorScripts.csproj", "{24943610-BBCF-5E1A-6319-07D2C3F8733D}"
EndProject
Global
	GlobalSection(SolutionConfigurationPlatforms) = preSolution
		Debug|Any CPU = Debug|Any CPU
		Release|Any CPU = Release|Any CPU
	EndGlobalSection
	GlobalSection(ProjectConfigurationPlatforms) = postSolution
		{6390D2CE-17C9-B32B-460B-AA5367392C99}.Debug|Any CPU.ActiveCfg = Debug|Any CPU
		{6390D2CE-17C9-B32B-460B-AA5367392C99}.Debug|Any CPU.Build.0 = Debug|Any CPU
		{6390D2CE-17C9-B32B-460B-AA5367392C99}.Release|Any CPU.ActiveCfg = Release|Any CPU
		{6390D2CE-17C9-B32B-460B-AA5367392C99}.Release|Any CPU.Build.0 = Release|Any CPU
		{7F14F928-B57E-3831-69CB-C42F3DB30C46}.Debug|Any CPU.ActiveCfg = Debug|Any CPU
		{7F14F928-B57E-3831-69CB-C42F3DB30C46}.Debug|Any CPU.Build.0 = Debug|Any CPU
		{7F14F928-B57E-3831-69CB-C42F3DB30C46}.Release|Any CPU.ActiveCfg = Release|Any CPU
		{7F14F928-B57E-3831-69CB-C42F3DB30C46}.Release|Any CPU.Build.0 = Release|Any CPU
		{24943610-BBCF-5E1A-6319-07D2C3F8733D}.Debug|Any CPU.ActiveCfg = Debug|Any CPU
		{24943610-BBCF-5E1A-6319-07D2C3F8733D}.Debug|Any CPU.Build.0 = Debug|Any CPU
		{24943610-BBCF-5E1A-6319-07D2C3F8733D}.Release|Any CPU.ActiveCfg = Release|Any CPU
		{24943610-BBCF-5E1A-6319-07D2C3F8733D}.Release|Any CPU.Build.0 = Release|Any CPU
	EndGlobalSection
	GlobalSection(SolutionProperties) = preSolution
		HideSolutionNode = FALSE
	EndGlobalSection
EndGlobal
